
Microsoft Visual Studio Solution File, Format Version 12.00
# Visual Studio Version 17
VisualStudioVersion = 17.6.33723.286
MinimumVisualStudioVersion = 10.0.40219.1
Project("{8BC9CEB8-8B4A-11D0-8D11-00A0C91BC942}") = "c++_learn", "c++_learn\c++_learn.vcxproj", "{F7046CBF-2611-4CEB-B81F-EA1FF9274C9B}"
EndProject
Project("{8BC9CEB8-8B4A-11D0-8D11-00A0C91BC942}") = "que", "que\que.vcxproj", "{3E220869-FC64-4904-8ECB-761027DC1F5C}"
EndProject
Project("{8BC9CEB8-8B4A-11D0-8D11-00A0C91BC942}") = "图书管理系统", "图书管理系统\图书管理系统.vcxproj", "{D651E2DD-260F-4F20-80C5-02784F202482}"
EndProject
Project("{8BC9CEB8-8B4A-11D0-8D11-00A0C91BC942}") = "空指针", "空指针\空指针.vcxproj", "{37800B18-22B3-4675-A727-86D8793A813B}"
EndProject
Project("{8BC9CEB8-8B4A-11D0-8D11-00A0C91BC942}") = "野指针", "野指针\野指针.vcxproj", "{76589435-0444-4597-A723-4D0B77745293}"
EndProject
Project("{8BC9CEB8-8B4A-11D0-8D11-00A0C91BC942}") = "const修饰指针", "const修饰指针\const修饰指针.vcxproj", "{1BA476CA-B36A-4F8F-9276-6CC4E763CA75}"
EndProject
Project("{8BC9CEB8-8B4A-11D0-8D11-00A0C91BC942}") = "指针和数组", "指针和数组\指针和数组.vcxproj", "{1A4E74A3-B7FF-493B-8F7C-55483E92ED56}"
EndProject
Project("{8BC9CEB8-8B4A-11D0-8D11-00A0C91BC942}") = "指针和函数", "指针和函数\指针和函数.vcxproj", "{2CF42310-73CD-4940-99E8-BDC2FBF24245}"
EndProject
Project("{8BC9CEB8-8B4A-11D0-8D11-00A0C91BC942}") = "指针配合数组和函数", "指针配合数组和函数\指针配合数组和函数.vcxproj", "{B2B9795C-6427-4992-A51D-4E3B54631C25}"
EndProject
Project("{8BC9CEB8-8B4A-11D0-8D11-00A0C91BC942}") = "结构体定义和使用", "结构体定义和使用\结构体定义和使用.vcxproj", "{1F144300-5374-4E1E-BD81-C0ABC206B587}"
EndProject
Project("{8BC9CEB8-8B4A-11D0-8D11-00A0C91BC942}") = "结构体数组", "结构体数组\结构体数组.vcxproj", "{8B6C655B-446B-40E8-B4B8-3E043701C4A1}"
EndProject
Project("{8BC9CEB8-8B4A-11D0-8D11-00A0C91BC942}") = "结构体指针", "结构体指针\结构体指针.vcxproj", "{2CF83393-A2E3-4D23-941E-43ABDE8A2AFE}"
EndProject
Project("{8BC9CEB8-8B4A-11D0-8D11-00A0C91BC942}") = "结构体嵌套结构体", "结构体嵌套结构体\结构体嵌套结构体.vcxproj", "{1C7D89EE-34CF-422B-8454-94FF9EC7CE00}"
EndProject
Project("{8BC9CEB8-8B4A-11D0-8D11-00A0C91BC942}") = "结构体做函数参数", "结构体做函数参数\结构体做函数参数.vcxproj", "{ED6C01B2-656E-4EDA-8A2E-3AA2F9DC36AB}"
EndProject
Project("{8BC9CEB8-8B4A-11D0-8D11-00A0C91BC942}") = "结构体中const使用场景", "结构体中const使用场景\结构体中const使用场景.vcxproj", "{5FC25CFF-C5A5-42A5-A79E-46B90883B0AA}"
EndProject
Project("{8BC9CEB8-8B4A-11D0-8D11-00A0C91BC942}") = "结构体案例1", "结构体案例1\结构体案例1.vcxproj", "{9C51603B-26EB-45D6-8DDE-992463DCCBD3}"
EndProject
Project("{8BC9CEB8-8B4A-11D0-8D11-00A0C91BC942}") = "结构体案例2", "结构体案例2\结构体案例2.vcxproj", "{0D56844C-EC12-4E8E-A005-F9E1E9775152}"
EndProject
Project("{8BC9CEB8-8B4A-11D0-8D11-00A0C91BC942}") = "通讯录管理系统", "通讯录管理系统\通讯录管理系统.vcxproj", "{1EF75882-E513-462E-98AE-124E4B8E8124}"
EndProject
Project("{8BC9CEB8-8B4A-11D0-8D11-00A0C91BC942}") = "内存四区_代码区", "内存四区_代码区\内存四区_代码区.vcxproj", "{A81733C4-D8DC-4BB1-88FD-8DB2697F0A3F}"
EndProject
Global
	GlobalSection(SolutionConfigurationPlatforms) = preSolution
		Debug|x64 = Debug|x64
		Debug|x86 = Debug|x86
		Release|x64 = Release|x64
		Release|x86 = Release|x86
	EndGlobalSection
	GlobalSection(ProjectConfigurationPlatforms) = postSolution
		{F7046CBF-2611-4CEB-B81F-EA1FF9274C9B}.Debug|x64.ActiveCfg = Debug|x64
		{F7046CBF-2611-4CEB-B81F-EA1FF9274C9B}.Debug|x64.Build.0 = Debug|x64
		{F7046CBF-2611-4CEB-B81F-EA1FF9274C9B}.Debug|x86.ActiveCfg = Debug|Win32
		{F7046CBF-2611-4CEB-B81F-EA1FF9274C9B}.Debug|x86.Build.0 = Debug|Win32
		{F7046CBF-2611-4CEB-B81F-EA1FF9274C9B}.Release|x64.ActiveCfg = Release|x64
		{F7046CBF-2611-4CEB-B81F-EA1FF9274C9B}.Release|x64.Build.0 = Release|x64
		{F7046CBF-2611-4CEB-B81F-EA1FF9274C9B}.Release|x86.ActiveCfg = Release|Win32
		{F7046CBF-2611-4CEB-B81F-EA1FF9274C9B}.Release|x86.Build.0 = Release|Win32
		{3E220869-FC64-4904-8ECB-761027DC1F5C}.Debug|x64.ActiveCfg = Debug|x64
		{3E220869-FC64-4904-8ECB-761027DC1F5C}.Debug|x64.Build.0 = Debug|x64
		{3E220869-FC64-4904-8ECB-761027DC1F5C}.Debug|x86.ActiveCfg = Debug|Win32
		{3E220869-FC64-4904-8ECB-761027DC1F5C}.Debug|x86.Build.0 = Debug|Win32
		{3E220869-FC64-4904-8ECB-761027DC1F5C}.Release|x64.ActiveCfg = Release|x64
		{3E220869-FC64-4904-8ECB-761027DC1F5C}.Release|x64.Build.0 = Release|x64
		{3E220869-FC64-4904-8ECB-761027DC1F5C}.Release|x86.ActiveCfg = Release|Win32
		{3E220869-FC64-4904-8ECB-761027DC1F5C}.Release|x86.Build.0 = Release|Win32
		{D651E2DD-260F-4F20-80C5-02784F202482}.Debug|x64.ActiveCfg = Debug|x64
		{D651E2DD-260F-4F20-80C5-02784F202482}.Debug|x64.Build.0 = Debug|x64
		{D651E2DD-260F-4F20-80C5-02784F202482}.Debug|x86.ActiveCfg = Debug|Win32
		{D651E2DD-260F-4F20-80C5-02784F202482}.Debug|x86.Build.0 = Debug|Win32
		{D651E2DD-260F-4F20-80C5-02784F202482}.Release|x64.ActiveCfg = Release|x64
		{D651E2DD-260F-4F20-80C5-02784F202482}.Release|x64.Build.0 = Release|x64
		{D651E2DD-260F-4F20-80C5-02784F202482}.Release|x86.ActiveCfg = Release|Win32
		{D651E2DD-260F-4F20-80C5-02784F202482}.Release|x86.Build.0 = Release|Win32
		{37800B18-22B3-4675-A727-86D8793A813B}.Debug|x64.ActiveCfg = Debug|x64
		{37800B18-22B3-4675-A727-86D8793A813B}.Debug|x64.Build.0 = Debug|x64
		{37800B18-22B3-4675-A727-86D8793A813B}.Debug|x86.ActiveCfg = Debug|Win32
		{37800B18-22B3-4675-A727-86D8793A813B}.Debug|x86.Build.0 = Debug|Win32
		{37800B18-22B3-4675-A727-86D8793A813B}.Release|x64.ActiveCfg = Release|x64
		{37800B18-22B3-4675-A727-86D8793A813B}.Release|x64.Build.0 = Release|x64
		{37800B18-22B3-4675-A727-86D8793A813B}.Release|x86.ActiveCfg = Release|Win32
		{37800B18-22B3-4675-A727-86D8793A813B}.Release|x86.Build.0 = Release|Win32
		{76589435-0444-4597-A723-4D0B77745293}.Debug|x64.ActiveCfg = Debug|x64
		{76589435-0444-4597-A723-4D0B77745293}.Debug|x64.Build.0 = Debug|x64
		{76589435-0444-4597-A723-4D0B77745293}.Debug|x86.ActiveCfg = Debug|Win32
		{76589435-0444-4597-A723-4D0B77745293}.Debug|x86.Build.0 = Debug|Win32
		{76589435-0444-4597-A723-4D0B77745293}.Release|x64.ActiveCfg = Release|x64
		{76589435-0444-4597-A723-4D0B77745293}.Release|x64.Build.0 = Release|x64
		{76589435-0444-4597-A723-4D0B77745293}.Release|x86.ActiveCfg = Release|Win32
		{76589435-0444-4597-A723-4D0B77745293}.Release|x86.Build.0 = Release|Win32
		{1BA476CA-B36A-4F8F-9276-6CC4E763CA75}.Debug|x64.ActiveCfg = Debug|x64
		{1BA476CA-B36A-4F8F-9276-6CC4E763CA75}.Debug|x64.Build.0 = Debug|x64
		{1BA476CA-B36A-4F8F-9276-6CC4E763CA75}.Debug|x86.ActiveCfg = Debug|Win32
		{1BA476CA-B36A-4F8F-9276-6CC4E763CA75}.Debug|x86.Build.0 = Debug|Win32
		{1BA476CA-B36A-4F8F-9276-6CC4E763CA75}.Release|x64.ActiveCfg = Release|x64
		{1BA476CA-B36A-4F8F-9276-6CC4E763CA75}.Release|x64.Build.0 = Release|x64
		{1BA476CA-B36A-4F8F-9276-6CC4E763CA75}.Release|x86.ActiveCfg = Release|Win32
		{1BA476CA-B36A-4F8F-9276-6CC4E763CA75}.Release|x86.Build.0 = Release|Win32
		{1A4E74A3-B7FF-493B-8F7C-55483E92ED56}.Debug|x64.ActiveCfg = Debug|x64
		{1A4E74A3-B7FF-493B-8F7C-55483E92ED56}.Debug|x64.Build.0 = Debug|x64
		{1A4E74A3-B7FF-493B-8F7C-55483E92ED56}.Debug|x86.ActiveCfg = Debug|Win32
		{1A4E74A3-B7FF-493B-8F7C-55483E92ED56}.Debug|x86.Build.0 = Debug|Win32
		{1A4E74A3-B7FF-493B-8F7C-55483E92ED56}.Release|x64.ActiveCfg = Release|x64
		{1A4E74A3-B7FF-493B-8F7C-55483E92ED56}.Release|x64.Build.0 = Release|x64
		{1A4E74A3-B7FF-493B-8F7C-55483E92ED56}.Release|x86.ActiveCfg = Release|Win32
		{1A4E74A3-B7FF-493B-8F7C-55483E92ED56}.Release|x86.Build.0 = Release|Win32
		{2CF42310-73CD-4940-99E8-BDC2FBF24245}.Debug|x64.ActiveCfg = Debug|x64
		{2CF42310-73CD-4940-99E8-BDC2FBF24245}.Debug|x64.Build.0 = Debug|x64
		{2CF42310-73CD-4940-99E8-BDC2FBF24245}.Debug|x86.ActiveCfg = Debug|Win32
		{2CF42310-73CD-4940-99E8-BDC2FBF24245}.Debug|x86.Build.0 = Debug|Win32
		{2CF42310-73CD-4940-99E8-BDC2FBF24245}.Release|x64.ActiveCfg = Release|x64
		{2CF42310-73CD-4940-99E8-BDC2FBF24245}.Release|x64.Build.0 = Release|x64
		{2CF42310-73CD-4940-99E8-BDC2FBF24245}.Release|x86.ActiveCfg = Release|Win32
		{2CF42310-73CD-4940-99E8-BDC2FBF24245}.Release|x86.Build.0 = Release|Win32
		{B2B9795C-6427-4992-A51D-4E3B54631C25}.Debug|x64.ActiveCfg = Debug|x64
		{B2B9795C-6427-4992-A51D-4E3B54631C25}.Debug|x64.Build.0 = Debug|x64
		{B2B9795C-6427-4992-A51D-4E3B54631C25}.Debug|x86.ActiveCfg = Debug|Win32
		{B2B9795C-6427-4992-A51D-4E3B54631C25}.Debug|x86.Build.0 = Debug|Win32
		{B2B9795C-6427-4992-A51D-4E3B54631C25}.Release|x64.ActiveCfg = Release|x64
		{B2B9795C-6427-4992-A51D-4E3B54631C25}.Release|x64.Build.0 = Release|x64
		{B2B9795C-6427-4992-A51D-4E3B54631C25}.Release|x86.ActiveCfg = Release|Win32
		{B2B9795C-6427-4992-A51D-4E3B54631C25}.Release|x86.Build.0 = Release|Win32
		{1F144300-5374-4E1E-BD81-C0ABC206B587}.Debug|x64.ActiveCfg = Debug|x64
		{1F144300-5374-4E1E-BD81-C0ABC206B587}.Debug|x64.Build.0 = Debug|x64
		{1F144300-5374-4E1E-BD81-C0ABC206B587}.Debug|x86.ActiveCfg = Debug|Win32
		{1F144300-5374-4E1E-BD81-C0ABC206B587}.Debug|x86.Build.0 = Debug|Win32
		{1F144300-5374-4E1E-BD81-C0ABC206B587}.Release|x64.ActiveCfg = Release|x64
		{1F144300-5374-4E1E-BD81-C0ABC206B587}.Release|x64.Build.0 = Release|x64
		{1F144300-5374-4E1E-BD81-C0ABC206B587}.Release|x86.ActiveCfg = Release|Win32
		{1F144300-5374-4E1E-BD81-C0ABC206B587}.Release|x86.Build.0 = Release|Win32
		{8B6C655B-446B-40E8-B4B8-3E043701C4A1}.Debug|x64.ActiveCfg = Debug|x64
		{8B6C655B-446B-40E8-B4B8-3E043701C4A1}.Debug|x64.Build.0 = Debug|x64
		{8B6C655B-446B-40E8-B4B8-3E043701C4A1}.Debug|x86.ActiveCfg = Debug|Win32
		{8B6C655B-446B-40E8-B4B8-3E043701C4A1}.Debug|x86.Build.0 = Debug|Win32
		{8B6C655B-446B-40E8-B4B8-3E043701C4A1}.Release|x64.ActiveCfg = Release|x64
		{8B6C655B-446B-40E8-B4B8-3E043701C4A1}.Release|x64.Build.0 = Release|x64
		{8B6C655B-446B-40E8-B4B8-3E043701C4A1}.Release|x86.ActiveCfg = Release|Win32
		{8B6C655B-446B-40E8-B4B8-3E043701C4A1}.Release|x86.Build.0 = Release|Win32
		{2CF83393-A2E3-4D23-941E-43ABDE8A2AFE}.Debug|x64.ActiveCfg = Debug|x64
		{2CF83393-A2E3-4D23-941E-43ABDE8A2AFE}.Debug|x64.Build.0 = Debug|x64
		{2CF83393-A2E3-4D23-941E-43ABDE8A2AFE}.Debug|x86.ActiveCfg = Debug|Win32
		{2CF83393-A2E3-4D23-941E-43ABDE8A2AFE}.Debug|x86.Build.0 = Debug|Win32
		{2CF83393-A2E3-4D23-941E-43ABDE8A2AFE}.Release|x64.ActiveCfg = Release|x64
		{2CF83393-A2E3-4D23-941E-43ABDE8A2AFE}.Release|x64.Build.0 = Release|x64
		{2CF83393-A2E3-4D23-941E-43ABDE8A2AFE}.Release|x86.ActiveCfg = Release|Win32
		{2CF83393-A2E3-4D23-941E-43ABDE8A2AFE}.Release|x86.Build.0 = Release|Win32
		{1C7D89EE-34CF-422B-8454-94FF9EC7CE00}.Debug|x64.ActiveCfg = Debug|x64
		{1C7D89EE-34CF-422B-8454-94FF9EC7CE00}.Debug|x64.Build.0 = Debug|x64
		{1C7D89EE-34CF-422B-8454-94FF9EC7CE00}.Debug|x86.ActiveCfg = Debug|Win32
		{1C7D89EE-34CF-422B-8454-94FF9EC7CE00}.Debug|x86.Build.0 = Debug|Win32
		{1C7D89EE-34CF-422B-8454-94FF9EC7CE00}.Release|x64.ActiveCfg = Release|x64
		{1C7D89EE-34CF-422B-8454-94FF9EC7CE00}.Release|x64.Build.0 = Release|x64
		{1C7D89EE-34CF-422B-8454-94FF9EC7CE00}.Release|x86.ActiveCfg = Release|Win32
		{1C7D89EE-34CF-422B-8454-94FF9EC7CE00}.Release|x86.Build.0 = Release|Win32
		{ED6C01B2-656E-4EDA-8A2E-3AA2F9DC36AB}.Debug|x64.ActiveCfg = Debug|x64
		{ED6C01B2-656E-4EDA-8A2E-3AA2F9DC36AB}.Debug|x64.Build.0 = Debug|x64
		{ED6C01B2-656E-4EDA-8A2E-3AA2F9DC36AB}.Debug|x86.ActiveCfg = Debug|Win32
		{ED6C01B2-656E-4EDA-8A2E-3AA2F9DC36AB}.Debug|x86.Build.0 = Debug|Win32
		{ED6C01B2-656E-4EDA-8A2E-3AA2F9DC36AB}.Release|x64.ActiveCfg = Release|x64
		{ED6C01B2-656E-4EDA-8A2E-3AA2F9DC36AB}.Release|x64.Build.0 = Release|x64
		{ED6C01B2-656E-4EDA-8A2E-3AA2F9DC36AB}.Release|x86.ActiveCfg = Release|Win32
		{ED6C01B2-656E-4EDA-8A2E-3AA2F9DC36AB}.Release|x86.Build.0 = Release|Win32
		{5FC25CFF-C5A5-42A5-A79E-46B90883B0AA}.Debug|x64.ActiveCfg = Debug|x64
		{5FC25CFF-C5A5-42A5-A79E-46B90883B0AA}.Debug|x64.Build.0 = Debug|x64
		{5FC25CFF-C5A5-42A5-A79E-46B90883B0AA}.Debug|x86.ActiveCfg = Debug|Win32
		{5FC25CFF-C5A5-42A5-A79E-46B90883B0AA}.Debug|x86.Build.0 = Debug|Win32
		{5FC25CFF-C5A5-42A5-A79E-46B90883B0AA}.Release|x64.ActiveCfg = Release|x64
		{5FC25CFF-C5A5-42A5-A79E-46B90883B0AA}.Release|x64.Build.0 = Release|x64
		{5FC25CFF-C5A5-42A5-A79E-46B90883B0AA}.Release|x86.ActiveCfg = Release|Win32
		{5FC25CFF-C5A5-42A5-A79E-46B90883B0AA}.Release|x86.Build.0 = Release|Win32
		{9C51603B-26EB-45D6-8DDE-992463DCCBD3}.Debug|x64.ActiveCfg = Debug|x64
		{9C51603B-26EB-45D6-8DDE-992463DCCBD3}.Debug|x64.Build.0 = Debug|x64
		{9C51603B-26EB-45D6-8DDE-992463DCCBD3}.Debug|x86.ActiveCfg = Debug|Win32
		{9C51603B-26EB-45D6-8DDE-992463DCCBD3}.Debug|x86.Build.0 = Debug|Win32
		{9C51603B-26EB-45D6-8DDE-992463DCCBD3}.Release|x64.ActiveCfg = Release|x64
		{9C51603B-26EB-45D6-8DDE-992463DCCBD3}.Release|x64.Build.0 = Release|x64
		{9C51603B-26EB-45D6-8DDE-992463DCCBD3}.Release|x86.ActiveCfg = Release|Win32
		{9C51603B-26EB-45D6-8DDE-992463DCCBD3}.Release|x86.Build.0 = Release|Win32
		{0D56844C-EC12-4E8E-A005-F9E1E9775152}.Debug|x64.ActiveCfg = Debug|x64
		{0D56844C-EC12-4E8E-A005-F9E1E9775152}.Debug|x64.Build.0 = Debug|x64
		{0D56844C-EC12-4E8E-A005-F9E1E9775152}.Debug|x86.ActiveCfg = Debug|Win32
		{0D56844C-EC12-4E8E-A005-F9E1E9775152}.Debug|x86.Build.0 = Debug|Win32
		{0D56844C-EC12-4E8E-A005-F9E1E9775152}.Release|x64.ActiveCfg = Release|x64
		{0D56844C-EC12-4E8E-A005-F9E1E9775152}.Release|x64.Build.0 = Release|x64
		{0D56844C-EC12-4E8E-A005-F9E1E9775152}.Release|x86.ActiveCfg = Release|Win32
		{0D56844C-EC12-4E8E-A005-F9E1E9775152}.Release|x86.Build.0 = Release|Win32
		{1EF75882-E513-462E-98AE-124E4B8E8124}.Debug|x64.ActiveCfg = Debug|x64
		{1EF75882-E513-462E-98AE-124E4B8E8124}.Debug|x64.Build.0 = Debug|x64
		{1EF75882-E513-462E-98AE-124E4B8E8124}.Debug|x86.ActiveCfg = Debug|Win32
		{1EF75882-E513-462E-98AE-124E4B8E8124}.Debug|x86.Build.0 = Debug|Win32
		{1EF75882-E513-462E-98AE-124E4B8E8124}.Release|x64.ActiveCfg = Release|x64
		{1EF75882-E513-462E-98AE-124E4B8E8124}.Release|x64.Build.0 = Release|x64
		{1EF75882-E513-462E-98AE-124E4B8E8124}.Release|x86.ActiveCfg = Release|Win32
		{1EF75882-E513-462E-98AE-124E4B8E8124}.Release|x86.Build.0 = Release|Win32
		{A81733C4-D8DC-4BB1-88FD-8DB2697F0A3F}.Debug|x64.ActiveCfg = Debug|x64
		{A81733C4-D8DC-4BB1-88FD-8DB2697F0A3F}.Debug|x64.Build.0 = Debug|x64
		{A81733C4-D8DC-4BB1-88FD-8DB2697F0A3F}.Debug|x86.ActiveCfg = Debug|Win32
		{A81733C4-D8DC-4BB1-88FD-8DB2697F0A3F}.Debug|x86.Build.0 = Debug|Win32
		{A81733C4-D8DC-4BB1-88FD-8DB2697F0A3F}.Release|x64.ActiveCfg = Release|x64
		{A81733C4-D8DC-4BB1-88FD-8DB2697F0A3F}.Release|x64.Build.0 = Release|x64
		{A81733C4-D8DC-4BB1-88FD-8DB2697F0A3F}.Release|x86.ActiveCfg = Release|Win32
		{A81733C4-D8DC-4BB1-88FD-8DB2697F0A3F}.Release|x86.Build.0 = Release|Win32
	EndGlobalSection
	GlobalSection(SolutionProperties) = preSolution
		HideSolutionNode = FALSE
	EndGlobalSection
	GlobalSection(ExtensibilityGlobals) = postSolution
		SolutionGuid = {ABA1093A-B486-4C7B-97CA-482AF4B5CE60}
	EndGlobalSection
EndGlobal
